
Microsoft Visual Studio Solution File, Format Version 12.00
# Visual Studio 16
Project("{FAE04EC0-301F-11D3-BF4B-00C04F79EFBC}") = "Assembly-CSharp", "Assembly-CSharp.csproj", "{78F987BC-B627-49C0-3A5B-6A364551E538}"
EndProject
Project("{FAE04EC0-301F-11D3-BF4B-00C04F79EFBC}") = "Assembly-CSharp-firstpass", "Assembly-CSharp-firstpass.csproj", "{FB987C91-6AB0-67E3-8CCD-2749B85250B4}"
EndProject
Project("{FAE04EC0-301F-11D3-BF4B-00C04F79EFBC}") = "DevionGames.UIWidgets", "DevionGames.UIWidgets.csproj", "{B4480975-93C3-08E4-AB8F-3EF77C76BCF9}"
EndProject
Project("{FAE04EC0-301F-11D3-BF4B-00C04F79EFBC}") = "DevionGames.Utilities", "DevionGames.Utilities.csproj", "{B8FB80D5-CE79-BAD8-F012-124AF92E30B1}"
EndProject
Project("{FAE04EC0-301F-11D3-BF4B-00C04F79EFBC}") = "Assembly-CSharp-Editor", "Assembly-CSharp-Editor.csproj", "{32201E6E-1519-FCB4-6DD1-C85A8B670685}"
EndProject
Global
	GlobalSection(SolutionConfigurationPlatforms) = preSolution
		Debug|Any CPU = Debug|Any CPU
		Release|Any CPU = Release|Any CPU
	EndGlobalSection
	GlobalSection(ProjectConfigurationPlatforms) = postSolution
		{78F987BC-B627-49C0-3A5B-6A364551E538}.Debug|Any CPU.ActiveCfg = Debug|Any CPU
		{78F987BC-B627-49C0-3A5B-6A364551E538}.Debug|Any CPU.Build.0 = Debug|Any CPU
		{78F987BC-B627-49C0-3A5B-6A364551E538}.Release|Any CPU.ActiveCfg = Release|Any CPU
		{78F987BC-B627-49C0-3A5B-6A364551E538}.Release|Any CPU.Build.0 = Release|Any CPU
		{FB987C91-6AB0-67E3-8CCD-2749B85250B4}.Debug|Any CPU.ActiveCfg = Debug|Any CPU
		{FB987C91-6AB0-67E3-8CCD-2749B85250B4}.Debug|Any CPU.Build.0 = Debug|Any CPU
		{FB987C91-6AB0-67E3-8CCD-2749B85250B4}.Release|Any CPU.ActiveCfg = Release|Any CPU
		{FB987C91-6AB0-67E3-8CCD-2749B85250B4}.Release|Any CPU.Build.0 = Release|Any CPU
		{B4480975-93C3-08E4-AB8F-3EF77C76BCF9}.Debug|Any CPU.ActiveCfg = Debug|Any CPU
		{B4480975-93C3-08E4-AB8F-3EF77C76BCF9}.Debug|Any CPU.Build.0 = Debug|Any CPU
		{B4480975-93C3-08E4-AB8F-3EF77C76BCF9}.Release|Any CPU.ActiveCfg = Release|Any CPU
		{B4480975-93C3-08E4-AB8F-3EF77C76BCF9}.Release|Any CPU.Build.0 = Release|Any CPU
		{B8FB80D5-CE79-BAD8-F012-124AF92E30B1}.Debug|Any CPU.ActiveCfg = Debug|Any CPU
		{B8FB80D5-CE79-BAD8-F012-124AF92E30B1}.Debug|Any CPU.Build.0 = Debug|Any CPU
		{B8FB80D5-CE79-BAD8-F012-124AF92E30B1}.Release|Any CPU.ActiveCfg = Release|Any CPU
		{B8FB80D5-CE79-BAD8-F012-124AF92E30B1}.Release|Any CPU.Build.0 = Release|Any CPU
		{32201E6E-1519-FCB4-6DD1-C85A8B670685}.Debug|Any CPU.ActiveCfg = Debug|Any CPU
		{32201E6E-1519-FCB4-6DD1-C85A8B670685}.Debug|Any CPU.Build.0 = Debug|Any CPU
		{32201E6E-1519-FCB4-6DD1-C85A8B670685}.Release|Any CPU.ActiveCfg = Release|Any CPU
		{32201E6E-1519-FCB4-6DD1-C85A8B670685}.Release|Any CPU.Build.0 = Release|Any CPU
	EndGlobalSection
	GlobalSection(SolutionProperties) = preSolution
		HideSolutionNode = FALSE
	EndGlobalSection
EndGlobal
